lockfileVersion: '9.0'

settings:
  autoInstallPeers: true
  excludeLinksFromLockfile: false

importers:

  .:
    dependencies:
      react-error-boundary:
        specifier: ^5.0.0
        version: 5.0.0(react@19.1.0)

packages:

  '@babel/runtime@7.27.0':
    resolution: {integrity: sha512-VtPOkrdPHZsKc/clNqyi9WUA8TINkZ4cGk63UUE3u4pmB2k+ZMQRDuIOagv8UVd6j7k0T3+RRIb7beKTebNbcw==}
    engines: {node: '>=6.9.0'}

  react-error-boundary@5.0.0:
    resolution: {integrity: sha512-tnjAxG+IkpLephNcePNA7v6F/QpWLH8He65+DmedchDwg162JZqx4NmbXj0mlAYVVEd81OW7aFhmbsScYfiAFQ==}
    peerDependencies:
      react: '>=16.13.1'

  react@19.1.0:
    resolution: {integrity: sha512-FS+XFBNvn3GTAWq26joslQgWNoFu08F4kl0J4CgdNKADkdSGXQyTCnKteIAJy96Br6YbpEU1LSzV5dYtjMkMDg==}
    engines: {node: '>=0.10.0'}

  regenerator-runtime@0.14.1:
    resolution: {integrity: sha512-dYnhHh0nJoMfnkZs6GmmhFknAGRrLznOu5nc9ML+EJxGvrx6H7teuevqVqCuPcPK//3eDrrjQhehXVx9cnkGdw==}

snapshots:

  '@babel/runtime@7.27.0':
    dependencies:
      regenerator-runtime: 0.14.1

  react-error-boundary@5.0.0(react@19.1.0):
    dependencies:
      '@babel/runtime': 7.27.0
      react: 19.1.0

  react@19.1.0: {}

  regenerator-runtime@0.14.1: {}
